// !$*UTF8*$!
{
	archiveVersion = 1;
	classes = {
	};
	objectVersion = 51;
	objects = {

/* Begin PBXBuildFile section */
		0464A9BC235A9468007821A0 /* Recording.swift in Sources */ = {isa = PBXBuildFile; fileRef = 0464A9BB235A9468007821A0 /* Recording.swift */; };
		0464A9BE235A946E007821A0 /* Note.swift in Sources */ = {isa = PBXBuildFile; fileRef = 0464A9BD235A946E007821A0 /* Note.swift */; };
		0464A9C0235A9F41007821A0 /* Attachment.swift in Sources */ = {isa = PBXBuildFile; fileRef = 0464A9BF235A9F41007821A0 /* Attachment.swift */; };
		0464A9C2235A9F98007821A0 /* Picture.swift in Sources */ = {isa = PBXBuildFile; fileRef = 0464A9C1235A9F98007821A0 /* Picture.swift */; };
		0464A9C4235AB011007821A0 /* GeneralError.swift in Sources */ = {isa = PBXBuildFile; fileRef = 0464A9C3235AB011007821A0 /* GeneralError.swift */; };
		0464A9C6235ABC00007821A0 /* Strings.swift in Sources */ = {isa = PBXBuildFile; fileRef = 0464A9C5235ABC00007821A0 /* Strings.swift */; };
		0464A9C9235ABD04007821A0 /* Localizable.strings in Resources */ = {isa = PBXBuildFile; fileRef = 0464A9CB235ABD04007821A0 /* Localizable.strings */; };
		04C3B24D235B4A9D00E68D3F /* NecoRecordingUITests.swift in Sources */ = {isa = PBXBuildFile; fileRef = 04C3B24C235B4A9D00E68D3F /* NecoRecordingUITests.swift */; };
		04C3B253235B7E1200E68D3F /* RecordingsListTableViewCell.swift in Sources */ = {isa = PBXBuildFile; fileRef = 04C3B251235B7E1200E68D3F /* RecordingsListTableViewCell.swift */; };
		04C3B254235B7E1200E68D3F /* RecordingsListTableViewCell.xib in Resources */ = {isa = PBXBuildFile; fileRef = 04C3B252235B7E1200E68D3F /* RecordingsListTableViewCell.xib */; };
		04F55B2B235B8E0000FEA57F /* CreateRecordingTableViewCell.swift in Sources */ = {isa = PBXBuildFile; fileRef = 04F55B29235B8E0000FEA57F /* CreateRecordingTableViewCell.swift */; };
		04F55B2C235B8E0000FEA57F /* CreateRecordingTableViewCell.xib in Resources */ = {isa = PBXBuildFile; fileRef = 04F55B2A235B8E0000FEA57F /* CreateRecordingTableViewCell.xib */; };
		352773FC0BE48D6B0C94997B /* Pods_NecoRecordingTests.framework in Frameworks */ = {isa = PBXBuildFile; fileRef = D8FCB8B52F3BF7D133FB337D /* Pods_NecoRecordingTests.framework */; };
		3B262A445E6AD494A42FB11F /* Pods_NecoRecording.framework in Frameworks */ = {isa = PBXBuildFile; fileRef = 2B1A8D1D6480691CCA72609C /* Pods_NecoRecording.framework */; };
		CB0BB915235532C900257786 /* AppDelegate.swift in Sources */ = {isa = PBXBuildFile; fileRef = CB0BB914235532C900257786 /* AppDelegate.swift */; };
		CB0BB917235532C900257786 /* SceneDelegate.swift in Sources */ = {isa = PBXBuildFile; fileRef = CB0BB916235532C900257786 /* SceneDelegate.swift */; };
		CB0BB919235532C900257786 /* BaseViewController.swift in Sources */ = {isa = PBXBuildFile; fileRef = CB0BB918235532C900257786 /* BaseViewController.swift */; };
		CB0BB91F235532C900257786 /* NecoRecording.xcdatamodeld in Sources */ = {isa = PBXBuildFile; fileRef = CB0BB91D235532C900257786 /* NecoRecording.xcdatamodeld */; };
		CB0BB921235532CC00257786 /* Assets.xcassets in Resources */ = {isa = PBXBuildFile; fileRef = CB0BB920235532CC00257786 /* Assets.xcassets */; };
		CB0BB924235532CC00257786 /* LaunchScreen.storyboard in Resources */ = {isa = PBXBuildFile; fileRef = CB0BB922235532CC00257786 /* LaunchScreen.storyboard */; };
		CB43D5F923555CD900107DB8 /* RecordingsListViewController.swift in Sources */ = {isa = PBXBuildFile; fileRef = CB43D5F723555CD900107DB8 /* RecordingsListViewController.swift */; };
		CB43D5FA23555CD900107DB8 /* RecordingsListViewController.xib in Resources */ = {isa = PBXBuildFile; fileRef = CB43D5F823555CD900107DB8 /* RecordingsListViewController.xib */; };
		CB43D5FC23555CE800107DB8 /* RecordingsListViewModel.swift in Sources */ = {isa = PBXBuildFile; fileRef = CB43D5FB23555CE800107DB8 /* RecordingsListViewModel.swift */; };
		CB43D5FE23555CFE00107DB8 /* RecordingsListViewModelTests.swift in Sources */ = {isa = PBXBuildFile; fileRef = CB43D5FD23555CFE00107DB8 /* RecordingsListViewModelTests.swift */; };
		CB43D60023555D0900107DB8 /* RecordingsListViewControllerTests.swift in Sources */ = {isa = PBXBuildFile; fileRef = CB43D5FF23555D0900107DB8 /* RecordingsListViewControllerTests.swift */; };
		CB43D60623555E0600107DB8 /* InitialViewController.swift in Sources */ = {isa = PBXBuildFile; fileRef = CB43D60423555E0600107DB8 /* InitialViewController.swift */; };
		CB43D60723555E0600107DB8 /* InitialViewController.xib in Resources */ = {isa = PBXBuildFile; fileRef = CB43D60523555E0600107DB8 /* InitialViewController.xib */; };
		CB43D60A2355600700107DB8 /* NavigationHelper.swift in Sources */ = {isa = PBXBuildFile; fileRef = CB43D6092355600700107DB8 /* NavigationHelper.swift */; };
		CB43D60C235563A100107DB8 /* BaseNavigationController.swift in Sources */ = {isa = PBXBuildFile; fileRef = CB43D60B235563A100107DB8 /* BaseNavigationController.swift */; };
		CB65B2FB2356C06C00D7FE19 /* RecordingsRepository.swift in Sources */ = {isa = PBXBuildFile; fileRef = CB65B2FA2356C06C00D7FE19 /* RecordingsRepository.swift */; };
		CBB803FB2356B6EE0065A481 /* RecordingItemViewModel.swift in Sources */ = {isa = PBXBuildFile; fileRef = CBB803FA2356B6EE0065A481 /* RecordingItemViewModel.swift */; };
		E1CAFB4BD839D11CB1C75959 /* Pods_NecoRecording_NecoRecordingUITests.framework in Frameworks */ = {isa = PBXBuildFile; fileRef = 0627943F04C47C3514033E21 /* Pods_NecoRecording_NecoRecordingUITests.framework */; };
/* End PBXBuildFile section */

/* Begin PBXContainerItemProxy section */
		CB0BB92B235532CC00257786 /* PBXContainerItemProxy */ = {
			isa = PBXContainerItemProxy;
			containerPortal = CB0BB909235532C900257786 /* Project object */;
			proxyType = 1;
			remoteGlobalIDString = CB0BB910235532C900257786;
			remoteInfo = NecoRecording;
		};
		CB0BB936235532CD00257786 /* PBXContainerItemProxy */ = {
			isa = PBXContainerItemProxy;
			containerPortal = CB0BB909235532C900257786 /* Project object */;
			proxyType = 1;
			remoteGlobalIDString = CB0BB910235532C900257786;
			remoteInfo = NecoRecording;
		};
/* End PBXContainerItemProxy section */

/* Begin PBXFileReference section */
		0464A9BB235A9468007821A0 /* Recording.swift */ = {isa = PBXFileReference; lastKnownFileType = sourcecode.swift; path = Recording.swift; sourceTree = "<group>"; };
		0464A9BD235A946E007821A0 /* Note.swift */ = {isa = PBXFileReference; lastKnownFileType = sourcecode.swift; path = Note.swift; sourceTree = "<group>"; };
		0464A9BF235A9F41007821A0 /* Attachment.swift */ = {isa = PBXFileReference; lastKnownFileType = sourcecode.swift; path = Attachment.swift; sourceTree = "<group>"; };
		0464A9C1235A9F98007821A0 /* Picture.swift */ = {isa = PBXFileReference; lastKnownFileType = sourcecode.swift; path = Picture.swift; sourceTree = "<group>"; };
		0464A9C3235AB011007821A0 /* GeneralError.swift */ = {isa = PBXFileReference; lastKnownFileType = sourcecode.swift; path = GeneralError.swift; sourceTree = "<group>"; };
		0464A9C5235ABC00007821A0 /* Strings.swift */ = {isa = PBXFileReference; lastKnownFileType = sourcecode.swift; path = Strings.swift; sourceTree = "<group>"; };
		0464A9CA235ABD04007821A0 /* en */ = {isa = PBXFileReference; lastKnownFileType = text.plist.strings; name = en; path = en.lproj/Localizable.strings; sourceTree = "<group>"; };
		0464A9CC235ADCF1007821A0 /* es */ = {isa = PBXFileReference; lastKnownFileType = text.plist.strings; name = es; path = es.lproj/LaunchScreen.strings; sourceTree = "<group>"; };
		0464A9CD235ADCF1007821A0 /* es */ = {isa = PBXFileReference; lastKnownFileType = text.plist.strings; name = es; path = es.lproj/Localizable.strings; sourceTree = "<group>"; };
		04C3B24B235B4A9D00E68D3F /* NecoRecordingUITests-Bridging-Header.h */ = {isa = PBXFileReference; lastKnownFileType = sourcecode.c.h; path = "NecoRecordingUITests-Bridging-Header.h"; sourceTree = "<group>"; };
		04C3B24C235B4A9D00E68D3F /* NecoRecordingUITests.swift */ = {isa = PBXFileReference; lastKnownFileType = sourcecode.swift; path = NecoRecordingUITests.swift; sourceTree = "<group>"; };
		04C3B251235B7E1200E68D3F /* RecordingsListTableViewCell.swift */ = {isa = PBXFileReference; lastKnownFileType = sourcecode.swift; path = RecordingsListTableViewCell.swift; sourceTree = "<group>"; };
		04C3B252235B7E1200E68D3F /* RecordingsListTableViewCell.xib */ = {isa = PBXFileReference; lastKnownFileType = file.xib; path = RecordingsListTableViewCell.xib; sourceTree = "<group>"; };
		04F55B29235B8E0000FEA57F /* CreateRecordingTableViewCell.swift */ = {isa = PBXFileReference; lastKnownFileType = sourcecode.swift; path = CreateRecordingTableViewCell.swift; sourceTree = "<group>"; };
		04F55B2A235B8E0000FEA57F /* CreateRecordingTableViewCell.xib */ = {isa = PBXFileReference; lastKnownFileType = file.xib; path = CreateRecordingTableViewCell.xib; sourceTree = "<group>"; };
		0627943F04C47C3514033E21 /* Pods_NecoRecording_NecoRecordingUITests.framework */ = {isa = PBXFileReference; explicitFileType = wrapper.framework; includeInIndex = 0; path = Pods_NecoRecording_NecoRecordingUITests.framework; sourceTree = BUILT_PRODUCTS_DIR; };
		0871DB88B71A2F2FDEF7F622 /* Pods-NecoRecording.release.xcconfig */ = {isa = PBXFileReference; includeInIndex = 1; lastKnownFileType = text.xcconfig; name = "Pods-NecoRecording.release.xcconfig"; path = "Target Support Files/Pods-NecoRecording/Pods-NecoRecording.release.xcconfig"; sourceTree = "<group>"; };
		2B1A8D1D6480691CCA72609C /* Pods_NecoRecording.framework */ = {isa = PBXFileReference; explicitFileType = wrapper.framework; includeInIndex = 0; path = Pods_NecoRecording.framework; sourceTree = BUILT_PRODUCTS_DIR; };
		4FFEC1F7748DD91B108D8F4A /* Pods-NecoRecordingTests.release.xcconfig */ = {isa = PBXFileReference; includeInIndex = 1; lastKnownFileType = text.xcconfig; name = "Pods-NecoRecordingTests.release.xcconfig"; path = "Target Support Files/Pods-NecoRecordingTests/Pods-NecoRecordingTests.release.xcconfig"; sourceTree = "<group>"; };
		BDEB68721146652602116302 /* Pods-NecoRecordingTests.debug.xcconfig */ = {isa = PBXFileReference; includeInIndex = 1; lastKnownFileType = text.xcconfig; name = "Pods-NecoRecordingTests.debug.xcconfig"; path = "Target Support Files/Pods-NecoRecordingTests/Pods-NecoRecordingTests.debug.xcconfig"; sourceTree = "<group>"; };
		CB0BB911235532C900257786 /* NecoRecording.app */ = {isa = PBXFileReference; explicitFileType = wrapper.application; includeInIndex = 0; path = NecoRecording.app; sourceTree = BUILT_PRODUCTS_DIR; };
		CB0BB914235532C900257786 /* AppDelegate.swift */ = {isa = PBXFileReference; lastKnownFileType = sourcecode.swift; path = AppDelegate.swift; sourceTree = "<group>"; };
		CB0BB916235532C900257786 /* SceneDelegate.swift */ = {isa = PBXFileReference; lastKnownFileType = sourcecode.swift; path = SceneDelegate.swift; sourceTree = "<group>"; };
		CB0BB918235532C900257786 /* BaseViewController.swift */ = {isa = PBXFileReference; lastKnownFileType = sourcecode.swift; path = BaseViewController.swift; sourceTree = "<group>"; };
		CB0BB91E235532C900257786 /* NecoRecording.xcdatamodel */ = {isa = PBXFileReference; lastKnownFileType = wrapper.xcdatamodel; path = NecoRecording.xcdatamodel; sourceTree = "<group>"; };
		CB0BB920235532CC00257786 /* Assets.xcassets */ = {isa = PBXFileReference; lastKnownFileType = folder.assetcatalog; path = Assets.xcassets; sourceTree = "<group>"; };
		CB0BB923235532CC00257786 /* Base */ = {isa = PBXFileReference; lastKnownFileType = file.storyboard; name = Base; path = Base.lproj/LaunchScreen.storyboard; sourceTree = "<group>"; };
		CB0BB925235532CC00257786 /* Info.plist */ = {isa = PBXFileReference; lastKnownFileType = text.plist.xml; path = Info.plist; sourceTree = "<group>"; };
		CB0BB92A235532CC00257786 /* NecoRecordingTests.xctest */ = {isa = PBXFileReference; explicitFileType = wrapper.cfbundle; includeInIndex = 0; path = NecoRecordingTests.xctest; sourceTree = BUILT_PRODUCTS_DIR; };
		CB0BB92E235532CC00257786 /* NecoRecordingTests.swift */ = {isa = PBXFileReference; lastKnownFileType = sourcecode.swift; path = NecoRecordingTests.swift; sourceTree = "<group>"; };
		CB0BB930235532CC00257786 /* Info.plist */ = {isa = PBXFileReference; lastKnownFileType = text.plist.xml; path = Info.plist; sourceTree = "<group>"; };
		CB0BB935235532CD00257786 /* NecoRecordingUITests.xctest */ = {isa = PBXFileReference; explicitFileType = wrapper.cfbundle; includeInIndex = 0; path = NecoRecordingUITests.xctest; sourceTree = BUILT_PRODUCTS_DIR; };
		CB0BB93B235532CD00257786 /* Info.plist */ = {isa = PBXFileReference; lastKnownFileType = text.plist.xml; path = Info.plist; sourceTree = "<group>"; };
		CB43D5F723555CD900107DB8 /* RecordingsListViewController.swift */ = {isa = PBXFileReference; lastKnownFileType = sourcecode.swift; path = RecordingsListViewController.swift; sourceTree = "<group>"; };
		CB43D5F823555CD900107DB8 /* RecordingsListViewController.xib */ = {isa = PBXFileReference; lastKnownFileType = file.xib; path = RecordingsListViewController.xib; sourceTree = "<group>"; };
		CB43D5FB23555CE800107DB8 /* RecordingsListViewModel.swift */ = {isa = PBXFileReference; lastKnownFileType = sourcecode.swift; path = RecordingsListViewModel.swift; sourceTree = "<group>"; };
		CB43D5FD23555CFE00107DB8 /* RecordingsListViewModelTests.swift */ = {isa = PBXFileReference; lastKnownFileType = sourcecode.swift; path = RecordingsListViewModelTests.swift; sourceTree = "<group>"; };
		CB43D5FF23555D0900107DB8 /* RecordingsListViewControllerTests.swift */ = {isa = PBXFileReference; lastKnownFileType = sourcecode.swift; path = RecordingsListViewControllerTests.swift; sourceTree = "<group>"; };
		CB43D60423555E0600107DB8 /* InitialViewController.swift */ = {isa = PBXFileReference; lastKnownFileType = sourcecode.swift; path = InitialViewController.swift; sourceTree = "<group>"; };
		CB43D60523555E0600107DB8 /* InitialViewController.xib */ = {isa = PBXFileReference; lastKnownFileType = file.xib; path = InitialViewController.xib; sourceTree = "<group>"; };
		CB43D6092355600700107DB8 /* NavigationHelper.swift */ = {isa = PBXFileReference; lastKnownFileType = sourcecode.swift; path = NavigationHelper.swift; sourceTree = "<group>"; };
		CB43D60B235563A100107DB8 /* BaseNavigationController.swift */ = {isa = PBXFileReference; lastKnownFileType = sourcecode.swift; path = BaseNavigationController.swift; sourceTree = "<group>"; };
		CB65B2FA2356C06C00D7FE19 /* RecordingsRepository.swift */ = {isa = PBXFileReference; lastKnownFileType = sourcecode.swift; path = RecordingsRepository.swift; sourceTree = "<group>"; };
		CBB803FA2356B6EE0065A481 /* RecordingItemViewModel.swift */ = {isa = PBXFileReference; lastKnownFileType = sourcecode.swift; path = RecordingItemViewModel.swift; sourceTree = "<group>"; };
		D8FCB8B52F3BF7D133FB337D /* Pods_NecoRecordingTests.framework */ = {isa = PBXFileReference; explicitFileType = wrapper.framework; includeInIndex = 0; path = Pods_NecoRecordingTests.framework; sourceTree = BUILT_PRODUCTS_DIR; };
		E868F6AFBB6C17741223543F /* Pods-NecoRecording.debug.xcconfig */ = {isa = PBXFileReference; includeInIndex = 1; lastKnownFileType = text.xcconfig; name = "Pods-NecoRecording.debug.xcconfig"; path = "Target Support Files/Pods-NecoRecording/Pods-NecoRecording.debug.xcconfig"; sourceTree = "<group>"; };
		F0328B3D1E58646E6591C05F /* Pods-NecoRecording-NecoRecordingUITests.debug.xcconfig */ = {isa = PBXFileReference; includeInIndex = 1; lastKnownFileType = text.xcconfig; name = "Pods-NecoRecording-NecoRecordingUITests.debug.xcconfig"; path = "Target Support Files/Pods-NecoRecording-NecoRecordingUITests/Pods-NecoRecording-NecoRecordingUITests.debug.xcconfig"; sourceTree = "<group>"; };
		F3F06B348E9D69B7EE412050 /* Pods-NecoRecording-NecoRecordingUITests.release.xcconfig */ = {isa = PBXFileReference; includeInIndex = 1; lastKnownFileType = text.xcconfig; name = "Pods-NecoRecording-NecoRecordingUITests.release.xcconfig"; path = "Target Support Files/Pods-NecoRecording-NecoRecordingUITests/Pods-NecoRecording-NecoRecordingUITests.release.xcconfig"; sourceTree = "<group>"; };
/* End PBXFileReference section */

/* Begin PBXFrameworksBuildPhase section */
		CB0BB90E235532C900257786 /* Frameworks */ = {
			isa = PBXFrameworksBuildPhase;
			buildActionMask = 2147483647;
			files = (
				3B262A445E6AD494A42FB11F /* Pods_NecoRecording.framework in Frameworks */,
			);
			runOnlyForDeploymentPostprocessing = 0;
		};
		CB0BB927235532CC00257786 /* Frameworks */ = {
			isa = PBXFrameworksBuildPhase;
			buildActionMask = 2147483647;
			files = (
				352773FC0BE48D6B0C94997B /* Pods_NecoRecordingTests.framework in Frameworks */,
			);
			runOnlyForDeploymentPostprocessing = 0;
		};
		CB0BB932235532CD00257786 /* Frameworks */ = {
			isa = PBXFrameworksBuildPhase;
			buildActionMask = 2147483647;
			files = (
				E1CAFB4BD839D11CB1C75959 /* Pods_NecoRecording_NecoRecordingUITests.framework in Frameworks */,
			);
			runOnlyForDeploymentPostprocessing = 0;
		};
/* End PBXFrameworksBuildPhase section */

/* Begin PBXGroup section */
		045428F6235A9309009F9F54 /* Repositories */ = {
			isa = PBXGroup;
			children = (
				CB65B2FA2356C06C00D7FE19 /* RecordingsRepository.swift */,
			);
			path = Repositories;
			sourceTree = "<group>";
		};
		045428F7235A931F009F9F54 /* Entities */ = {
			isa = PBXGroup;
			children = (
				0464A9BB235A9468007821A0 /* Recording.swift */,
				0464A9BD235A946E007821A0 /* Note.swift */,
				0464A9C1235A9F98007821A0 /* Picture.swift */,
				0464A9BF235A9F41007821A0 /* Attachment.swift */,
			);
			path = Entities;
			sourceTree = "<group>";
		};
		04C3B24E235B7DE700E68D3F /* Cells */ = {
			isa = PBXGroup;
			children = (
				04C3B251235B7E1200E68D3F /* RecordingsListTableViewCell.swift */,
				04C3B252235B7E1200E68D3F /* RecordingsListTableViewCell.xib */,
				04F55B29235B8E0000FEA57F /* CreateRecordingTableViewCell.swift */,
				04F55B2A235B8E0000FEA57F /* CreateRecordingTableViewCell.xib */,
			);
			path = Cells;
			sourceTree = "<group>";
		};
		2AA647D476CE2B08351A5FDC /* Pods */ = {
			isa = PBXGroup;
			children = (
				E868F6AFBB6C17741223543F /* Pods-NecoRecording.debug.xcconfig */,
				0871DB88B71A2F2FDEF7F622 /* Pods-NecoRecording.release.xcconfig */,
				F0328B3D1E58646E6591C05F /* Pods-NecoRecording-NecoRecordingUITests.debug.xcconfig */,
				F3F06B348E9D69B7EE412050 /* Pods-NecoRecording-NecoRecordingUITests.release.xcconfig */,
				BDEB68721146652602116302 /* Pods-NecoRecordingTests.debug.xcconfig */,
				4FFEC1F7748DD91B108D8F4A /* Pods-NecoRecordingTests.release.xcconfig */,
			);
			path = Pods;
			sourceTree = "<group>";
		};
		6311099D697CE6A86DE2FB1B /* Frameworks */ = {
			isa = PBXGroup;
			children = (
				2B1A8D1D6480691CCA72609C /* Pods_NecoRecording.framework */,
				0627943F04C47C3514033E21 /* Pods_NecoRecording_NecoRecordingUITests.framework */,
				D8FCB8B52F3BF7D133FB337D /* Pods_NecoRecordingTests.framework */,
			);
			name = Frameworks;
			sourceTree = "<group>";
		};
		CB0BB908235532C900257786 = {
			isa = PBXGroup;
			children = (
				CB0BB913235532C900257786 /* NecoRecording */,
				CB0BB92D235532CC00257786 /* NecoRecordingTests */,
				CB0BB938235532CD00257786 /* NecoRecordingUITests */,
				CB0BB912235532C900257786 /* Products */,
				2AA647D476CE2B08351A5FDC /* Pods */,
				6311099D697CE6A86DE2FB1B /* Frameworks */,
			);
			sourceTree = "<group>";
		};
		CB0BB912235532C900257786 /* Products */ = {
			isa = PBXGroup;
			children = (
				CB0BB911235532C900257786 /* NecoRecording.app */,
				CB0BB92A235532CC00257786 /* NecoRecordingTests.xctest */,
				CB0BB935235532CD00257786 /* NecoRecordingUITests.xctest */,
			);
			name = Products;
			sourceTree = "<group>";
		};
		CB0BB913235532C900257786 /* NecoRecording */ = {
			isa = PBXGroup;
			children = (
				CB43D60823555FFC00107DB8 /* Utils */,
				CB0BB94A235533B000257786 /* Resources */,
				CB0BB948235533A200257786 /* Model */,
				CB0BB9472355339D00257786 /* Application */,
				CB0BB914235532C900257786 /* AppDelegate.swift */,
			);
			path = NecoRecording;
			sourceTree = "<group>";
		};
		CB0BB92D235532CC00257786 /* NecoRecordingTests */ = {
			isa = PBXGroup;
			children = (
				CB0BB92E235532CC00257786 /* NecoRecordingTests.swift */,
				CB0BB930235532CC00257786 /* Info.plist */,
			);
			path = NecoRecordingTests;
			sourceTree = "<group>";
		};
		CB0BB938235532CD00257786 /* NecoRecordingUITests */ = {
			isa = PBXGroup;
			children = (
				CB0BB93B235532CD00257786 /* Info.plist */,
				04C3B24C235B4A9D00E68D3F /* NecoRecordingUITests.swift */,
				04C3B24B235B4A9D00E68D3F /* NecoRecordingUITests-Bridging-Header.h */,
			);
			path = NecoRecordingUITests;
			sourceTree = "<group>";
		};
		CB0BB9472355339D00257786 /* Application */ = {
			isa = PBXGroup;
			children = (
				CB0BB949235533AA00257786 /* Base */,
				CB43D60323555DF300107DB8 /* Initial */,
				CB43D5F523555CAE00107DB8 /* RecordingsList */,
				CB43D5F623555CB600107DB8 /* Create Recording */,
			);
			path = Application;
			sourceTree = "<group>";
		};
		CB0BB948235533A200257786 /* Model */ = {
			isa = PBXGroup;
			children = (
				045428F7235A931F009F9F54 /* Entities */,
				045428F6235A9309009F9F54 /* Repositories */,
			);
			path = Model;
			sourceTree = "<group>";
		};
		CB0BB949235533AA00257786 /* Base */ = {
			isa = PBXGroup;
			children = (
				CB0BB918235532C900257786 /* BaseViewController.swift */,
				CB43D60B235563A100107DB8 /* BaseNavigationController.swift */,
			);
			path = Base;
			sourceTree = "<group>";
		};
		CB0BB94A235533B000257786 /* Resources */ = {
			isa = PBXGroup;
			children = (
				CB0BB920235532CC00257786 /* Assets.xcassets */,
				CB0BB925235532CC00257786 /* Info.plist */,
				CB0BB91D235532C900257786 /* NecoRecording.xcdatamodeld */,
				CB0BB916235532C900257786 /* SceneDelegate.swift */,
				CB0BB922235532CC00257786 /* LaunchScreen.storyboard */,
				0464A9C5235ABC00007821A0 /* Strings.swift */,
				0464A9CB235ABD04007821A0 /* Localizable.strings */,
			);
			path = Resources;
			sourceTree = "<group>";
		};
		CB43D5F523555CAE00107DB8 /* RecordingsList */ = {
			isa = PBXGroup;
			children = (
				CB65B2F82356C03F00D7FE19 /* View */,
				CBB803F92356B6C40065A481 /* View Model */,
			);
			path = RecordingsList;
			sourceTree = "<group>";
		};
		CB43D5F623555CB600107DB8 /* Create Recording */ = {
			isa = PBXGroup;
			children = (
			);
			path = "Create Recording";
			sourceTree = "<group>";
		};
		CB43D60323555DF300107DB8 /* Initial */ = {
			isa = PBXGroup;
			children = (
				CB43D60423555E0600107DB8 /* InitialViewController.swift */,
				CB43D60523555E0600107DB8 /* InitialViewController.xib */,
			);
			path = Initial;
			sourceTree = "<group>";
		};
		CB43D60823555FFC00107DB8 /* Utils */ = {
			isa = PBXGroup;
			children = (
				CB43D6092355600700107DB8 /* NavigationHelper.swift */,
				0464A9C3235AB011007821A0 /* GeneralError.swift */,
			);
			path = Utils;
			sourceTree = "<group>";
		};
		CB65B2F82356C03F00D7FE19 /* View */ = {
			isa = PBXGroup;
			children = (
				04C3B24E235B7DE700E68D3F /* Cells */,
				CB43D5F723555CD900107DB8 /* RecordingsListViewController.swift */,
				CB43D5F823555CD900107DB8 /* RecordingsListViewController.xib */,
				CB43D5FF23555D0900107DB8 /* RecordingsListViewControllerTests.swift */,
			);
			path = View;
			sourceTree = "<group>";
		};
		CBB803F92356B6C40065A481 /* View Model */ = {
			isa = PBXGroup;
			children = (
				CB43D5FB23555CE800107DB8 /* RecordingsListViewModel.swift */,
				CB43D5FD23555CFE00107DB8 /* RecordingsListViewModelTests.swift */,
				CBB803FA2356B6EE0065A481 /* RecordingItemViewModel.swift */,
			);
			path = "View Model";
			sourceTree = "<group>";
		};
/* End PBXGroup section */

/* Begin PBXNativeTarget section */
		CB0BB910235532C900257786 /* NecoRecording */ = {
			isa = PBXNativeTarget;
			buildConfigurationList = CB0BB93E235532CD00257786 /* Build configuration list for PBXNativeTarget "NecoRecording" */;
			buildPhases = (
				320D6208AEC3FC1F3AB0B373 /* [CP] Check Pods Manifest.lock */,
				CB0BB90D235532C900257786 /* Sources */,
				CB0BB90E235532C900257786 /* Frameworks */,
				CB0BB90F235532C900257786 /* Resources */,
				77DC8AE9A1E2394F8DF13336 /* [CP] Embed Pods Frameworks */,
			);
			buildRules = (
			);
			dependencies = (
			);
			name = NecoRecording;
			productName = NecoRecording;
			productReference = CB0BB911235532C900257786 /* NecoRecording.app */;
			productType = "com.apple.product-type.application";
		};
		CB0BB929235532CC00257786 /* NecoRecordingTests */ = {
			isa = PBXNativeTarget;
			buildConfigurationList = CB0BB941235532CD00257786 /* Build configuration list for PBXNativeTarget "NecoRecordingTests" */;
			buildPhases = (
				7A78281CE1697C4F99E146C7 /* [CP] Check Pods Manifest.lock */,
				CB0BB926235532CC00257786 /* Sources */,
				CB0BB927235532CC00257786 /* Frameworks */,
				CB0BB928235532CC00257786 /* Resources */,
				C3CA14DD47C8C060BC98A884 /* [CP] Embed Pods Frameworks */,
			);
			buildRules = (
			);
			dependencies = (
				CB0BB92C235532CC00257786 /* PBXTargetDependency */,
			);
			name = NecoRecordingTests;
			productName = NecoRecordingTests;
			productReference = CB0BB92A235532CC00257786 /* NecoRecordingTests.xctest */;
			productType = "com.apple.product-type.bundle.unit-test";
		};
		CB0BB934235532CD00257786 /* NecoRecordingUITests */ = {
			isa = PBXNativeTarget;
			buildConfigurationList = CB0BB944235532CD00257786 /* Build configuration list for PBXNativeTarget "NecoRecordingUITests" */;
			buildPhases = (
				FB98B3E86C0C73F8B25815CF /* [CP] Check Pods Manifest.lock */,
				CB0BB931235532CD00257786 /* Sources */,
				CB0BB932235532CD00257786 /* Frameworks */,
				CB0BB933235532CD00257786 /* Resources */,
				6D57C5AFC71BF0B0FFB58BB8 /* [CP] Embed Pods Frameworks */,
			);
			buildRules = (
			);
			dependencies = (
				CB0BB937235532CD00257786 /* PBXTargetDependency */,
			);
			name = NecoRecordingUITests;
			productName = NecoRecordingUITests;
			productReference = CB0BB935235532CD00257786 /* NecoRecordingUITests.xctest */;
			productType = "com.apple.product-type.bundle.ui-testing";
		};
/* End PBXNativeTarget section */

/* Begin PBXProject section */
		CB0BB909235532C900257786 /* Project object */ = {
			isa = PBXProject;
			attributes = {
				LastSwiftUpdateCheck = 1100;
				LastUpgradeCheck = 1100;
				ORGANIZATIONNAME = "Fernando Martín Ortiz";
				TargetAttributes = {
					CB0BB910235532C900257786 = {
						CreatedOnToolsVersion = 11.0;
					};
					CB0BB929235532CC00257786 = {
						CreatedOnToolsVersion = 11.0;
						TestTargetID = CB0BB910235532C900257786;
					};
					CB0BB934235532CD00257786 = {
						CreatedOnToolsVersion = 11.0;
						LastSwiftMigration = 1110;
						TestTargetID = CB0BB910235532C900257786;
					};
				};
			};
			buildConfigurationList = CB0BB90C235532C900257786 /* Build configuration list for PBXProject "NecoRecording" */;
			compatibilityVersion = "Xcode 9.3";
			developmentRegion = en;
			hasScannedForEncodings = 0;
			knownRegions = (
				en,
				Base,
				es,
			);
			mainGroup = CB0BB908235532C900257786;
			productRefGroup = CB0BB912235532C900257786 /* Products */;
			projectDirPath = "";
			projectRoot = "";
			targets = (
				CB0BB910235532C900257786 /* NecoRecording */,
				CB0BB929235532CC00257786 /* NecoRecordingTests */,
				CB0BB934235532CD00257786 /* NecoRecordingUITests */,
			);
		};
/* End PBXProject section */

/* Begin PBXResourcesBuildPhase section */
		CB0BB90F235532C900257786 /* Resources */ = {
			isa = PBXResourcesBuildPhase;
			buildActionMask = 2147483647;
			files = (
				CB0BB924235532CC00257786 /* LaunchScreen.storyboard in Resources */,
				CB43D5FA23555CD900107DB8 /* RecordingsListViewController.xib in Resources */,
				CB0BB921235532CC00257786 /* Assets.xcassets in Resources */,
				CB43D60723555E0600107DB8 /* InitialViewController.xib in Resources */,
				0464A9C9235ABD04007821A0 /* Localizable.strings in Resources */,
				04C3B254235B7E1200E68D3F /* RecordingsListTableViewCell.xib in Resources */,
				04F55B2C235B8E0000FEA57F /* CreateRecordingTableViewCell.xib in Resources */,
			);
			runOnlyForDeploymentPostprocessing = 0;
		};
		CB0BB928235532CC00257786 /* Resources */ = {
			isa = PBXResourcesBuildPhase;
			buildActionMask = 2147483647;
			files = (
			);
			runOnlyForDeploymentPostprocessing = 0;
		};
		CB0BB933235532CD00257786 /* Resources */ = {
			isa = PBXResourcesBuildPhase;
			buildActionMask = 2147483647;
			files = (
			);
			runOnlyForDeploymentPostprocessing = 0;
		};
/* End PBXResourcesBuildPhase section */

/* Begin PBXShellScriptBuildPhase section */
		320D6208AEC3FC1F3AB0B373 /* [CP] Check Pods Manifest.lock */ = {
			isa = PBXShellScriptBuildPhase;
			buildActionMask = 2147483647;
			files = (
			);
			inputFileListPaths = (
			);
			inputPaths = (
				"${PODS_PODFILE_DIR_PATH}/Podfile.lock",
				"${PODS_ROOT}/Manifest.lock",
			);
			name = "[CP] Check Pods Manifest.lock";
			outputFileListPaths = (
			);
			outputPaths = (
				"$(DERIVED_FILE_DIR)/Pods-NecoRecording-checkManifestLockResult.txt",
			);
			runOnlyForDeploymentPostprocessing = 0;
			shellPath = /bin/sh;
			shellScript = "diff \"${PODS_PODFILE_DIR_PATH}/Podfile.lock\" \"${PODS_ROOT}/Manifest.lock\" > /dev/null\nif [ $? != 0 ] ; then\n    # print error to STDERR\n    echo \"error: The sandbox is not in sync with the Podfile.lock. Run 'pod install' or update your CocoaPods installation.\" >&2\n    exit 1\nfi\n# This output is used by Xcode 'outputs' to avoid re-running this script phase.\necho \"SUCCESS\" > \"${SCRIPT_OUTPUT_FILE_0}\"\n";
			showEnvVarsInLog = 0;
		};
		6D57C5AFC71BF0B0FFB58BB8 /* [CP] Embed Pods Frameworks */ = {
			isa = PBXShellScriptBuildPhase;
			buildActionMask = 2147483647;
			files = (
			);
			inputFileListPaths = (
				"${PODS_ROOT}/Target Support Files/Pods-NecoRecording-NecoRecordingUITests/Pods-NecoRecording-NecoRecordingUITests-frameworks-${CONFIGURATION}-input-files.xcfilelist",
			);
			name = "[CP] Embed Pods Frameworks";
			outputFileListPaths = (
				"${PODS_ROOT}/Target Support Files/Pods-NecoRecording-NecoRecordingUITests/Pods-NecoRecording-NecoRecordingUITests-frameworks-${CONFIGURATION}-output-files.xcfilelist",
			);
			runOnlyForDeploymentPostprocessing = 0;
			shellPath = /bin/sh;
			shellScript = "\"${PODS_ROOT}/Target Support Files/Pods-NecoRecording-NecoRecordingUITests/Pods-NecoRecording-NecoRecordingUITests-frameworks.sh\"\n";
			showEnvVarsInLog = 0;
		};
		77DC8AE9A1E2394F8DF13336 /* [CP] Embed Pods Frameworks */ = {
			isa = PBXShellScriptBuildPhase;
			buildActionMask = 2147483647;
			files = (
			);
			inputFileListPaths = (
				"${PODS_ROOT}/Target Support Files/Pods-NecoRecording/Pods-NecoRecording-frameworks-${CONFIGURATION}-input-files.xcfilelist",
			);
			name = "[CP] Embed Pods Frameworks";
			outputFileListPaths = (
				"${PODS_ROOT}/Target Support Files/Pods-NecoRecording/Pods-NecoRecording-frameworks-${CONFIGURATION}-output-files.xcfilelist",
			);
			runOnlyForDeploymentPostprocessing = 0;
			shellPath = /bin/sh;
			shellScript = "\"${PODS_ROOT}/Target Support Files/Pods-NecoRecording/Pods-NecoRecording-frameworks.sh\"\n";
			showEnvVarsInLog = 0;
		};
		7A78281CE1697C4F99E146C7 /* [CP] Check Pods Manifest.lock */ = {
			isa = PBXShellScriptBuildPhase;
			buildActionMask = 2147483647;
			files = (
			);
			inputFileListPaths = (
			);
			inputPaths = (
				"${PODS_PODFILE_DIR_PATH}/Podfile.lock",
				"${PODS_ROOT}/Manifest.lock",
			);
			name = "[CP] Check Pods Manifest.lock";
			outputFileListPaths = (
			);
			outputPaths = (
				"$(DERIVED_FILE_DIR)/Pods-NecoRecordingTests-checkManifestLockResult.txt",
			);
			runOnlyForDeploymentPostprocessing = 0;
			shellPath = /bin/sh;
			shellScript = "diff \"${PODS_PODFILE_DIR_PATH}/Podfile.lock\" \"${PODS_ROOT}/Manifest.lock\" > /dev/null\nif [ $? != 0 ] ; then\n    # print error to STDERR\n    echo \"error: The sandbox is not in sync with the Podfile.lock. Run 'pod install' or update your CocoaPods installation.\" >&2\n    exit 1\nfi\n# This output is used by Xcode 'outputs' to avoid re-running this script phase.\necho \"SUCCESS\" > \"${SCRIPT_OUTPUT_FILE_0}\"\n";
			showEnvVarsInLog = 0;
		};
		C3CA14DD47C8C060BC98A884 /* [CP] Embed Pods Frameworks */ = {
			isa = PBXShellScriptBuildPhase;
			buildActionMask = 2147483647;
			files = (
			);
			inputFileListPaths = (
				"${PODS_ROOT}/Target Support Files/Pods-NecoRecordingTests/Pods-NecoRecordingTests-frameworks-${CONFIGURATION}-input-files.xcfilelist",
			);
			name = "[CP] Embed Pods Frameworks";
			outputFileListPaths = (
				"${PODS_ROOT}/Target Support Files/Pods-NecoRecordingTests/Pods-NecoRecordingTests-frameworks-${CONFIGURATION}-output-files.xcfilelist",
			);
			runOnlyForDeploymentPostprocessing = 0;
			shellPath = /bin/sh;
			shellScript = "\"${PODS_ROOT}/Target Support Files/Pods-NecoRecordingTests/Pods-NecoRecordingTests-frameworks.sh\"\n";
			showEnvVarsInLog = 0;
		};
		FB98B3E86C0C73F8B25815CF /* [CP] Check Pods Manifest.lock */ = {
			isa = PBXShellScriptBuildPhase;
			buildActionMask = 2147483647;
			files = (
			);
			inputFileListPaths = (
			);
			inputPaths = (
				"${PODS_PODFILE_DIR_PATH}/Podfile.lock",
				"${PODS_ROOT}/Manifest.lock",
			);
			name = "[CP] Check Pods Manifest.lock";
			outputFileListPaths = (
			);
			outputPaths = (
				"$(DERIVED_FILE_DIR)/Pods-NecoRecording-NecoRecordingUITests-checkManifestLockResult.txt",
			);
			runOnlyForDeploymentPostprocessing = 0;
			shellPath = /bin/sh;
			shellScript = "diff \"${PODS_PODFILE_DIR_PATH}/Podfile.lock\" \"${PODS_ROOT}/Manifest.lock\" > /dev/null\nif [ $? != 0 ] ; then\n    # print error to STDERR\n    echo \"error: The sandbox is not in sync with the Podfile.lock. Run 'pod install' or update your CocoaPods installation.\" >&2\n    exit 1\nfi\n# This output is used by Xcode 'outputs' to avoid re-running this script phase.\necho \"SUCCESS\" > \"${SCRIPT_OUTPUT_FILE_0}\"\n";
			showEnvVarsInLog = 0;
		};
/* End PBXShellScriptBuildPhase section */

/* Begin PBXSourcesBuildPhase section */
		CB0BB90D235532C900257786 /* Sources */ = {
			isa = PBXSourcesBuildPhase;
			buildActionMask = 2147483647;
			files = (
				CB43D5F923555CD900107DB8 /* RecordingsListViewController.swift in Sources */,
				CBB803FB2356B6EE0065A481 /* RecordingItemViewModel.swift in Sources */,
				CB43D60A2355600700107DB8 /* NavigationHelper.swift in Sources */,
				CB43D60623555E0600107DB8 /* InitialViewController.swift in Sources */,
				CB0BB91F235532C900257786 /* NecoRecording.xcdatamodeld in Sources */,
				0464A9C4235AB011007821A0 /* GeneralError.swift in Sources */,
				0464A9BE235A946E007821A0 /* Note.swift in Sources */,
				0464A9C2235A9F98007821A0 /* Picture.swift in Sources */,
				CB0BB919235532C900257786 /* BaseViewController.swift in Sources */,
				CB43D60C235563A100107DB8 /* BaseNavigationController.swift in Sources */,
				0464A9C0235A9F41007821A0 /* Attachment.swift in Sources */,
				0464A9BC235A9468007821A0 /* Recording.swift in Sources */,
				0464A9C6235ABC00007821A0 /* Strings.swift in Sources */,
				CB65B2FB2356C06C00D7FE19 /* RecordingsRepository.swift in Sources */,
				CB0BB915235532C900257786 /* AppDelegate.swift in Sources */,
				04F55B2B235B8E0000FEA57F /* CreateRecordingTableViewCell.swift in Sources */,
				CB43D5FC23555CE800107DB8 /* RecordingsListViewModel.swift in Sources */,
				CB0BB917235532C900257786 /* SceneDelegate.swift in Sources */,
				04C3B253235B7E1200E68D3F /* RecordingsListTableViewCell.swift in Sources */,
			);
			runOnlyForDeploymentPostprocessing = 0;
		};
		CB0BB926235532CC00257786 /* Sources */ = {
			isa = PBXSourcesBuildPhase;
			buildActionMask = 2147483647;
			files = (
				CB43D5FE23555CFE00107DB8 /* RecordingsListViewModelTests.swift in Sources */,
				CB43D60023555D0900107DB8 /* RecordingsListViewControllerTests.swift in Sources */,
			);
			runOnlyForDeploymentPostprocessing = 0;
		};
		CB0BB931235532CD00257786 /* Sources */ = {
			isa = PBXSourcesBuildPhase;
			buildActionMask = 2147483647;
			files = (
				04C3B24D235B4A9D00E68D3F /* NecoRecordingUITests.swift in Sources */,
			);
			runOnlyForDeploymentPostprocessing = 0;
		};
/* End PBXSourcesBuildPhase section */

/* Begin PBXTargetDependency section */
		CB0BB92C235532CC00257786 /* PBXTargetDependency */ = {
			isa = PBXTargetDependency;
			target = CB0BB910235532C900257786 /* NecoRecording */;
			targetProxy = CB0BB92B235532CC00257786 /* PBXContainerItemProxy */;
		};
		CB0BB937235532CD00257786 /* PBXTargetDependency */ = {
			isa = PBXTargetDependency;
			target = CB0BB910235532C900257786 /* NecoRecording */;
			targetProxy = CB0BB936235532CD00257786 /* PBXContainerItemProxy */;
		};
/* End PBXTargetDependency section */

/* Begin PBXVariantGroup section */
		0464A9CB235ABD04007821A0 /* Localizable.strings */ = {
			isa = PBXVariantGroup;
			children = (
				0464A9CA235ABD04007821A0 /* en */,
				0464A9CD235ADCF1007821A0 /* es */,
			);
			name = Localizable.strings;
			sourceTree = "<group>";
		};
		CB0BB922235532CC00257786 /* LaunchScreen.storyboard */ = {
			isa = PBXVariantGroup;
			children = (
				CB0BB923235532CC00257786 /* Base */,
				0464A9CC235ADCF1007821A0 /* es */,
			);
			name = LaunchScreen.storyboard;
			sourceTree = "<group>";
		};
/* End PBXVariantGroup section */

/* Begin XCBuildConfiguration section */
		CB0BB93C235532CD00257786 /* Debug */ = {
			isa = XCBuildConfiguration;
			buildSettings = {
				ALWAYS_SEARCH_USER_PATHS = NO;
				CLANG_ANALYZER_LOCALIZABILITY_NONLOCALIZED = YES;
				CLANG_ANALYZER_NONNULL = YES;
				CLANG_ANALYZER_NUMBER_OBJECT_CONVERSION = YES_AGGRESSIVE;
				CLANG_CXX_LANGUAGE_STANDARD = "gnu++14";
				CLANG_CXX_LIBRARY = "libc++";
				CLANG_ENABLE_MODULES = YES;
				CLANG_ENABLE_OBJC_ARC = YES;
				CLANG_ENABLE_OBJC_WEAK = YES;
				CLANG_WARN_BLOCK_CAPTURE_AUTORELEASING = YES;
				CLANG_WARN_BOOL_CONVERSION = YES;
				CLANG_WARN_COMMA = YES;
				CLANG_WARN_CONSTANT_CONVERSION = YES;
				CLANG_WARN_DEPRECATED_OBJC_IMPLEMENTATIONS = YES;
				CLANG_WARN_DIRECT_OBJC_ISA_USAGE = YES_ERROR;
				CLANG_WARN_DOCUMENTATION_COMMENTS = YES;
				CLANG_WARN_EMPTY_BODY = YES;
				CLANG_WARN_ENUM_CONVERSION = YES;
				CLANG_WARN_INFINITE_RECURSION = YES;
				CLANG_WARN_INT_CONVERSION = YES;
				CLANG_WARN_NON_LITERAL_NULL_CONVERSION = YES;
				CLANG_WARN_OBJC_IMPLICIT_RETAIN_SELF = YES;
				CLANG_WARN_OBJC_LITERAL_CONVERSION = YES;
				CLANG_WARN_OBJC_ROOT_CLASS = YES_ERROR;
				CLANG_WARN_RANGE_LOOP_ANALYSIS = YES;
				CLANG_WARN_STRICT_PROTOTYPES = YES;
				CLANG_WARN_SUSPICIOUS_MOVE = YES;
				CLANG_WARN_UNGUARDED_AVAILABILITY = YES_AGGRESSIVE;
				CLANG_WARN_UNREACHABLE_CODE = YES;
				CLANG_WARN__DUPLICATE_METHOD_MATCH = YES;
				COPY_PHASE_STRIP = NO;
				DEBUG_INFORMATION_FORMAT = dwarf;
				ENABLE_STRICT_OBJC_MSGSEND = YES;
				ENABLE_TESTABILITY = YES;
				GCC_C_LANGUAGE_STANDARD = gnu11;
				GCC_DYNAMIC_NO_PIC = NO;
				GCC_NO_COMMON_BLOCKS = YES;
				GCC_OPTIMIZATION_LEVEL = 0;
				GCC_PREPROCESSOR_DEFINITIONS = (
					"DEBUG=1",
					"$(inherited)",
				);
				GCC_WARN_64_TO_32_BIT_CONVERSION = YES;
				GCC_WARN_ABOUT_RETURN_TYPE = YES_ERROR;
				GCC_WARN_UNDECLARED_SELECTOR = YES;
				GCC_WARN_UNINITIALIZED_AUTOS = YES_AGGRESSIVE;
				GCC_WARN_UNUSED_FUNCTION = YES;
				GCC_WARN_UNUSED_VARIABLE = YES;
				IPHONEOS_DEPLOYMENT_TARGET = 13.0;
				MTL_ENABLE_DEBUG_INFO = INCLUDE_SOURCE;
				MTL_FAST_MATH = YES;
				ONLY_ACTIVE_ARCH = YES;
				SDKROOT = iphoneos;
				SWIFT_ACTIVE_COMPILATION_CONDITIONS = DEBUG;
				SWIFT_OPTIMIZATION_LEVEL = "-Onone";
			};
			name = Debug;
		};
		CB0BB93D235532CD00257786 /* Release */ = {
			isa = XCBuildConfiguration;
			buildSettings = {
				ALWAYS_SEARCH_USER_PATHS = NO;
				CLANG_ANALYZER_LOCALIZABILITY_NONLOCALIZED = YES;
				CLANG_ANALYZER_NONNULL = YES;
				CLANG_ANALYZER_NUMBER_OBJECT_CONVERSION = YES_AGGRESSIVE;
				CLANG_CXX_LANGUAGE_STANDARD = "gnu++14";
				CLANG_CXX_LIBRARY = "libc++";
				CLANG_ENABLE_MODULES = YES;
				CLANG_ENABLE_OBJC_ARC = YES;
				CLANG_ENABLE_OBJC_WEAK = YES;
				CLANG_WARN_BLOCK_CAPTURE_AUTORELEASING = YES;
				CLANG_WARN_BOOL_CONVERSION = YES;
				CLANG_WARN_COMMA = YES;
				CLANG_WARN_CONSTANT_CONVERSION = YES;
				CLANG_WARN_DEPRECATED_OBJC_IMPLEMENTATIONS = YES;
				CLANG_WARN_DIRECT_OBJC_ISA_USAGE = YES_ERROR;
				CLANG_WARN_DOCUMENTATION_COMMENTS = YES;
				CLANG_WARN_EMPTY_BODY = YES;
				CLANG_WARN_ENUM_CONVERSION = YES;
				CLANG_WARN_INFINITE_RECURSION = YES;
				CLANG_WARN_INT_CONVERSION = YES;
				CLANG_WARN_NON_LITERAL_NULL_CONVERSION = YES;
				CLANG_WARN_OBJC_IMPLICIT_RETAIN_SELF = YES;
				CLANG_WARN_OBJC_LITERAL_CONVERSION = YES;
				CLANG_WARN_OBJC_ROOT_CLASS = YES_ERROR;
				CLANG_WARN_RANGE_LOOP_ANALYSIS = YES;
				CLANG_WARN_STRICT_PROTOTYPES = YES;
				CLANG_WARN_SUSPICIOUS_MOVE = YES;
				CLANG_WARN_UNGUARDED_AVAILABILITY = YES_AGGRESSIVE;
				CLANG_WARN_UNREACHABLE_CODE = YES;
				CLANG_WARN__DUPLICATE_METHOD_MATCH = YES;
				COPY_PHASE_STRIP = NO;
				DEBUG_INFORMATION_FORMAT = "dwarf-with-dsym";
				ENABLE_NS_ASSERTIONS = NO;
				ENABLE_STRICT_OBJC_MSGSEND = YES;
				GCC_C_LANGUAGE_STANDARD = gnu11;
				GCC_NO_COMMON_BLOCKS = YES;
				GCC_WARN_64_TO_32_BIT_CONVERSION = YES;
				GCC_WARN_ABOUT_RETURN_TYPE = YES_ERROR;
				GCC_WARN_UNDECLARED_SELECTOR = YES;
				GCC_WARN_UNINITIALIZED_AUTOS = YES_AGGRESSIVE;
				GCC_WARN_UNUSED_FUNCTION = YES;
				GCC_WARN_UNUSED_VARIABLE = YES;
				IPHONEOS_DEPLOYMENT_TARGET = 13.0;
				MTL_ENABLE_DEBUG_INFO = NO;
				MTL_FAST_MATH = YES;
				SDKROOT = iphoneos;
				SWIFT_COMPILATION_MODE = wholemodule;
				SWIFT_OPTIMIZATION_LEVEL = "-O";
				VALIDATE_PRODUCT = YES;
			};
			name = Release;
		};
		CB0BB93F235532CD00257786 /* Debug */ = {
			isa = XCBuildConfiguration;
			baseConfigurationReference = E868F6AFBB6C17741223543F /* Pods-NecoRecording.debug.xcconfig */;
			buildSettings = {
				ASSETCATALOG_COMPILER_APPICON_NAME = AppIcon;
				CODE_SIGN_STYLE = Automatic;
				DEVELOPMENT_TEAM = EUARY92ECY;
				INFOPLIST_FILE = NecoRecording/Resources/Info.plist;
				LD_RUNPATH_SEARCH_PATHS = (
					"$(inherited)",
					"@executable_path/Frameworks",
				);
				PRODUCT_BUNDLE_IDENTIFIER = com.infinixsoft.NecoRecording;
				PRODUCT_NAME = "$(TARGET_NAME)";
				SWIFT_VERSION = 5.0;
				TARGETED_DEVICE_FAMILY = "1,2";
			};
			name = Debug;
		};
		CB0BB940235532CD00257786 /* Release */ = {
			isa = XCBuildConfiguration;
			baseConfigurationReference = 0871DB88B71A2F2FDEF7F622 /* Pods-NecoRecording.release.xcconfig */;
			buildSettings = {
				ASSETCATALOG_COMPILER_APPICON_NAME = AppIcon;
				CODE_SIGN_STYLE = Automatic;
				DEVELOPMENT_TEAM = EUARY92ECY;
				INFOPLIST_FILE = NecoRecording/Resources/Info.plist;
				LD_RUNPATH_SEARCH_PATHS = (
					"$(inherited)",
					"@executable_path/Frameworks",
				);
				PRODUCT_BUNDLE_IDENTIFIER = com.infinixsoft.NecoRecording;
				PRODUCT_NAME = "$(TARGET_NAME)";
				SWIFT_VERSION = 5.0;
				TARGETED_DEVICE_FAMILY = "1,2";
			};
			name = Release;
		};
		CB0BB942235532CD00257786 /* Debug */ = {
			isa = XCBuildConfiguration;
			baseConfigurationReference = BDEB68721146652602116302 /* Pods-NecoRecordingTests.debug.xcconfig */;
			buildSettings = {
				ALWAYS_EMBED_SWIFT_STANDARD_LIBRARIES = YES;
				BUNDLE_LOADER = "$(TEST_HOST)";
				CODE_SIGN_STYLE = Automatic;
				DEVELOPMENT_TEAM = EUARY92ECY;
				INFOPLIST_FILE = NecoRecordingTests/Info.plist;
				IPHONEOS_DEPLOYMENT_TARGET = 13.0;
				LD_RUNPATH_SEARCH_PATHS = (
					"$(inherited)",
					"@executable_path/Frameworks",
					"@loader_path/Frameworks",
				);
				PRODUCT_BUNDLE_IDENTIFIER = com.infinixsoft.NecoRecordingTests;
				PRODUCT_NAME = "$(TARGET_NAME)";
				SWIFT_VERSION = 5.0;
				TARGETED_DEVICE_FAMILY = "1,2";
				TEST_HOST = "$(BUILT_PRODUCTS_DIR)/NecoRecording.app/NecoRecording";
			};
			name = Debug;
		};
		CB0BB943235532CD00257786 /* Release */ = {
			isa = XCBuildConfiguration;
			baseConfigurationReference = 4FFEC1F7748DD91B108D8F4A /* Pods-NecoRecordingTests.release.xcconfig */;
			buildSettings = {
				ALWAYS_EMBED_SWIFT_STANDARD_LIBRARIES = YES;
				BUNDLE_LOADER = "$(TEST_HOST)";
				CODE_SIGN_STYLE = Automatic;
				DEVELOPMENT_TEAM = EUARY92ECY;
				INFOPLIST_FILE = NecoRecordingTests/Info.plist;
				IPHONEOS_DEPLOYMENT_TARGET = 13.0;
				LD_RUNPATH_SEARCH_PATHS = (
					"$(inherited)",
					"@executable_path/Frameworks",
					"@loader_path/Frameworks",
				);
				PRODUCT_BUNDLE_IDENTIFIER = com.infinixsoft.NecoRecordingTests;
				PRODUCT_NAME = "$(TARGET_NAME)";
				SWIFT_VERSION = 5.0;
				TARGETED_DEVICE_FAMILY = "1,2";
				TEST_HOST = "$(BUILT_PRODUCTS_DIR)/NecoRecording.app/NecoRecording";
			};
			name = Release;
		};
		CB0BB945235532CD00257786 /* Debug */ = {
			isa = XCBuildConfiguration;
			baseConfigurationReference = F0328B3D1E58646E6591C05F /* Pods-NecoRecording-NecoRecordingUITests.debug.xcconfig */;
			buildSettings = {
				ALWAYS_EMBED_SWIFT_STANDARD_LIBRARIES = YES;
				CLANG_ENABLE_MODULES = YES;
				CODE_SIGN_STYLE = Automatic;
				DEVELOPMENT_TEAM = EUARY92ECY;
				INFOPLIST_FILE = NecoRecordingUITests/Info.plist;
				LD_RUNPATH_SEARCH_PATHS = (
					"$(inherited)",
					"@executable_path/Frameworks",
					"@loader_path/Frameworks",
				);
				PRODUCT_BUNDLE_IDENTIFIER = com.infinixsoft.NecoRecordingUITests;
				PRODUCT_NAME = "$(TARGET_NAME)";
				SWIFT_OBJC_BRIDGING_HEADER = "NecoRecordingUITests/NecoRecordingUITests-Bridging-Header.h";
				SWIFT_OPTIMIZATION_LEVEL = "-Onone";
				SWIFT_VERSION = 5.0;
				TARGETED_DEVICE_FAMILY = "1,2";
				TEST_TARGET_NAME = NecoRecording;
			};
			name = Debug;
		};
		CB0BB946235532CD00257786 /* Release */ = {
			isa = XCBuildConfiguration;
			baseConfigurationReference = F3F06B348E9D69B7EE412050 /* Pods-NecoRecording-NecoRecordingUITests.release.xcconfig */;
			buildSettings = {
				ALWAYS_EMBED_SWIFT_STANDARD_LIBRARIES = YES;
				CLANG_ENABLE_MODULES = YES;
				CODE_SIGN_STYLE = Automatic;
				DEVELOPMENT_TEAM = EUARY92ECY;
				INFOPLIST_FILE = NecoRecordingUITests/Info.plist;
				LD_RUNPATH_SEARCH_PATHS = (
					"$(inherited)",
					"@executable_path/Frameworks",
					"@loader_path/Frameworks",
				);
				PRODUCT_BUNDLE_IDENTIFIER = com.infinixsoft.NecoRecordingUITests;
				PRODUCT_NAME = "$(TARGET_NAME)";
				SWIFT_OBJC_BRIDGING_HEADER = "NecoRecordingUITests/NecoRecordingUITests-Bridging-Header.h";
				SWIFT_VERSION = 5.0;
				TARGETED_DEVICE_FAMILY = "1,2";
				TEST_TARGET_NAME = NecoRecording;
			};
			name = Release;
		};
/* End XCBuildConfiguration section */

/* Begin XCConfigurationList section */
		CB0BB90C235532C900257786 /* Build configuration list for PBXProject "NecoRecording" */ = {
			isa = XCConfigurationList;
			buildConfigurations = (
				CB0BB93C235532CD00257786 /* Debug */,
				CB0BB93D235532CD00257786 /* Release */,
			);
			defaultConfigurationIsVisible = 0;
			defaultConfigurationName = Release;
		};
		CB0BB93E235532CD00257786 /* Build configuration list for PBXNativeTarget "NecoRecording" */ = {
			isa = XCConfigurationList;
			buildConfigurations = (
				CB0BB93F235532CD00257786 /* Debug */,
				CB0BB940235532CD00257786 /* Release */,
			);
			defaultConfigurationIsVisible = 0;
			defaultConfigurationName = Release;
		};
		CB0BB941235532CD00257786 /* Build configuration list for PBXNativeTarget "NecoRecordingTests" */ = {
			isa = XCConfigurationList;
			buildConfigurations = (
				CB0BB942235532CD00257786 /* Debug */,
				CB0BB943235532CD00257786 /* Release */,
			);
			defaultConfigurationIsVisible = 0;
			defaultConfigurationName = Release;
		};
		CB0BB944235532CD00257786 /* Build configuration list for PBXNativeTarget "NecoRecordingUITests" */ = {
			isa = XCConfigurationList;
			buildConfigurations = (
				CB0BB945235532CD00257786 /* Debug */,
				CB0BB946235532CD00257786 /* Release */,
			);
			defaultConfigurationIsVisible = 0;
			defaultConfigurationName = Release;
		};
/* End XCConfigurationList section */

/* Begin XCVersionGroup section */
		CB0BB91D235532C900257786 /* NecoRecording.xcdatamodeld */ = {
			isa = XCVersionGroup;
			children = (
				CB0BB91E235532C900257786 /* NecoRecording.xcdatamodel */,
			);
			currentVersion = CB0BB91E235532C900257786 /* NecoRecording.xcdatamodel */;
			path = NecoRecording.xcdatamodeld;
			sourceTree = "<group>";
			versionGroupType = wrapper.xcdatamodel;
		};
/* End XCVersionGroup section */
	};
	rootObject = CB0BB909235532C900257786 /* Project object */;
}
